
Microsoft Visual Studio Solution File, Format Version 12.00
# Visual Studio Version 16
VisualStudioVersion = 16.0.32602.291
MinimumVisualStudioVersion = 10.0.40219.1
Project("{8BC9CEB8-8B4A-11D0-8D11-00A0C91BC942}") = "e-704-二分查找", "e-704-二分查找\e-704-二分查找.vcxproj", "{FACC123D-771F-4F54-8258-3D56C09C8A61}"
EndProject
Project("{8BC9CEB8-8B4A-11D0-8D11-00A0C91BC942}") = "e-278- 第一个错误的版本", "e-278- 第一个错误的版本\e-278- 第一个错误的版本.vcxproj", "{A602EB71-18E1-4C2D-9DC4-1D45D33302E1}"
EndProject
Project("{8BC9CEB8-8B4A-11D0-8D11-00A0C91BC942}") = "e-35- 搜索插入位置", "e-35- 搜索插入位置\e-35- 搜索插入位置.vcxproj", "{8F8977C2-35D9-4B63-84BE-855B9A1356B4}"
EndProject
Project("{8BC9CEB8-8B4A-11D0-8D11-00A0C91BC942}") = "e-977-有序数组的平方-普通方法", "e-977-有序数组的平方-普通方法\e-977-有序数组的平方-普通方法.vcxproj", "{8F49784D-5E1F-48C6-9C73-96E454641B26}"
EndProject
Project("{8BC9CEB8-8B4A-11D0-8D11-00A0C91BC942}") = "e-977-有序数组的平方-双指针", "e-977-有序数组的平方-双指针\e-977-有序数组的平方-双指针.vcxproj", "{C52E70F9-41BF-4E75-9082-2392107483FF}"
EndProject
Project("{8BC9CEB8-8B4A-11D0-8D11-00A0C91BC942}") = "e-977-有序数组的平方-逆指针", "e-977-有序数组的平方-逆指针\e-977-有序数组的平方-逆指针.vcxproj", "{52BA9E13-D9CB-406B-9A37-00E8FD50BBAB}"
EndProject
Project("{8BC9CEB8-8B4A-11D0-8D11-00A0C91BC942}") = "m-189-轮转数组-普通方法", "m-189-轮转数组-普通方法\m-189-轮转数组-普通方法.vcxproj", "{7E33BF65-2473-4BCC-863B-1B13D9CBD805}"
EndProject
Project("{8BC9CEB8-8B4A-11D0-8D11-00A0C91BC942}") = "m-189-轮转数组-环状替换", "m-189-轮转数组-环状替换\m-189-轮转数组-环状替换.vcxproj", "{7F0B1BC7-9425-4389-92B0-405BB5AFCDE0}"
EndProject
Project("{8BC9CEB8-8B4A-11D0-8D11-00A0C91BC942}") = "test", "test\test.vcxproj", "{AD6651B6-9059-480C-8722-C44DD74851A4}"
EndProject
Project("{8BC9CEB8-8B4A-11D0-8D11-00A0C91BC942}") = "m-189-轮转数组-数组翻转", "m-189-轮转数组-数组翻转\m-189-轮转数组-数组翻转.vcxproj", "{998399A7-5206-47D9-AB8E-C3409E750350}"
EndProject
Project("{8BC9CEB8-8B4A-11D0-8D11-00A0C91BC942}") = "e-283-移动零", "e-283-移动零\e-283-移动零.vcxproj", "{1ED7CA3D-4B35-4E05-ACCE-919A96CD9AC8}"
EndProject
Project("{8BC9CEB8-8B4A-11D0-8D11-00A0C91BC942}") = "m-167-两数之和 II - 输入有序数组-双指针", "m-167-两数之和 II - 输入有序数组-双指针\m-167-两数之和 II - 输入有序数组-双指针.vcxproj", "{7BF3520D-27FB-489C-B7D9-62A3417C66D1}"
EndProject
Project("{8BC9CEB8-8B4A-11D0-8D11-00A0C91BC942}") = "e-344-反转字符串", "e-344-反转字符串\e-344-反转字符串.vcxproj", "{9B5ECBD5-E055-43B2-A89F-E52BC969F435}"
EndProject
Project("{8BC9CEB8-8B4A-11D0-8D11-00A0C91BC942}") = "e-557-反转字符串中的单词 III", "e-557-反转字符串中的单词 III\e-557-反转字符串中的单词 III.vcxproj", "{DFBE2D9D-A768-40CC-99B0-F1D57C986C72}"
EndProject
Project("{8BC9CEB8-8B4A-11D0-8D11-00A0C91BC942}") = "e-876-链表的中间结点", "e-876-链表的中间结点\e-876-链表的中间结点.vcxproj", "{7AE395A4-63FF-40BC-96F6-13A88C5F3E79}"
EndProject
Project("{8BC9CEB8-8B4A-11D0-8D11-00A0C91BC942}") = "m-19-删除链表的倒数第 N 个结点", "m-19-删除链表的倒数第 N 个结点\m-19-删除链表的倒数第 N 个结点.vcxproj", "{BDBAED28-A7C0-4E00-9F61-2168BCE0E7B2}"
EndProject
Project("{8BC9CEB8-8B4A-11D0-8D11-00A0C91BC942}") = "m-3-无重复字符的最长子串", "m-3-无重复字符的最长子串\m-3-无重复字符的最长子串.vcxproj", "{9DAE06A7-13CA-4921-8584-1D0B87D2378E}"
EndProject
Project("{8BC9CEB8-8B4A-11D0-8D11-00A0C91BC942}") = "m-567-字符串的排列", "m-567-字符串的排列\m-567-字符串的排列.vcxproj", "{BB200181-B142-4863-9D31-80580052E59C}"
EndProject
Global
	GlobalSection(SolutionConfigurationPlatforms) = preSolution
		Debug|x64 = Debug|x64
		Debug|x86 = Debug|x86
		Release|x64 = Release|x64
		Release|x86 = Release|x86
	EndGlobalSection
	GlobalSection(ProjectConfigurationPlatforms) = postSolution
		{FACC123D-771F-4F54-8258-3D56C09C8A61}.Debug|x64.ActiveCfg = Debug|x64
		{FACC123D-771F-4F54-8258-3D56C09C8A61}.Debug|x64.Build.0 = Debug|x64
		{FACC123D-771F-4F54-8258-3D56C09C8A61}.Debug|x86.ActiveCfg = Debug|Win32
		{FACC123D-771F-4F54-8258-3D56C09C8A61}.Debug|x86.Build.0 = Debug|Win32
		{FACC123D-771F-4F54-8258-3D56C09C8A61}.Release|x64.ActiveCfg = Release|x64
		{FACC123D-771F-4F54-8258-3D56C09C8A61}.Release|x64.Build.0 = Release|x64
		{FACC123D-771F-4F54-8258-3D56C09C8A61}.Release|x86.ActiveCfg = Release|Win32
		{FACC123D-771F-4F54-8258-3D56C09C8A61}.Release|x86.Build.0 = Release|Win32
		{A602EB71-18E1-4C2D-9DC4-1D45D33302E1}.Debug|x64.ActiveCfg = Debug|x64
		{A602EB71-18E1-4C2D-9DC4-1D45D33302E1}.Debug|x64.Build.0 = Debug|x64
		{A602EB71-18E1-4C2D-9DC4-1D45D33302E1}.Debug|x86.ActiveCfg = Debug|Win32
		{A602EB71-18E1-4C2D-9DC4-1D45D33302E1}.Debug|x86.Build.0 = Debug|Win32
		{A602EB71-18E1-4C2D-9DC4-1D45D33302E1}.Release|x64.ActiveCfg = Release|x64
		{A602EB71-18E1-4C2D-9DC4-1D45D33302E1}.Release|x64.Build.0 = Release|x64
		{A602EB71-18E1-4C2D-9DC4-1D45D33302E1}.Release|x86.ActiveCfg = Release|Win32
		{A602EB71-18E1-4C2D-9DC4-1D45D33302E1}.Release|x86.Build.0 = Release|Win32
		{8F8977C2-35D9-4B63-84BE-855B9A1356B4}.Debug|x64.ActiveCfg = Debug|x64
		{8F8977C2-35D9-4B63-84BE-855B9A1356B4}.Debug|x64.Build.0 = Debug|x64
		{8F8977C2-35D9-4B63-84BE-855B9A1356B4}.Debug|x86.ActiveCfg = Debug|Win32
		{8F8977C2-35D9-4B63-84BE-855B9A1356B4}.Debug|x86.Build.0 = Debug|Win32
		{8F8977C2-35D9-4B63-84BE-855B9A1356B4}.Release|x64.ActiveCfg = Release|x64
		{8F8977C2-35D9-4B63-84BE-855B9A1356B4}.Release|x64.Build.0 = Release|x64
		{8F8977C2-35D9-4B63-84BE-855B9A1356B4}.Release|x86.ActiveCfg = Release|Win32
		{8F8977C2-35D9-4B63-84BE-855B9A1356B4}.Release|x86.Build.0 = Release|Win32
		{8F49784D-5E1F-48C6-9C73-96E454641B26}.Debug|x64.ActiveCfg = Debug|x64
		{8F49784D-5E1F-48C6-9C73-96E454641B26}.Debug|x64.Build.0 = Debug|x64
		{8F49784D-5E1F-48C6-9C73-96E454641B26}.Debug|x86.ActiveCfg = Debug|Win32
		{8F49784D-5E1F-48C6-9C73-96E454641B26}.Debug|x86.Build.0 = Debug|Win32
		{8F49784D-5E1F-48C6-9C73-96E454641B26}.Release|x64.ActiveCfg = Release|x64
		{8F49784D-5E1F-48C6-9C73-96E454641B26}.Release|x64.Build.0 = Release|x64
		{8F49784D-5E1F-48C6-9C73-96E454641B26}.Release|x86.ActiveCfg = Release|Win32
		{8F49784D-5E1F-48C6-9C73-96E454641B26}.Release|x86.Build.0 = Release|Win32
		{C52E70F9-41BF-4E75-9082-2392107483FF}.Debug|x64.ActiveCfg = Debug|x64
		{C52E70F9-41BF-4E75-9082-2392107483FF}.Debug|x64.Build.0 = Debug|x64
		{C52E70F9-41BF-4E75-9082-2392107483FF}.Debug|x86.ActiveCfg = Debug|Win32
		{C52E70F9-41BF-4E75-9082-2392107483FF}.Debug|x86.Build.0 = Debug|Win32
		{C52E70F9-41BF-4E75-9082-2392107483FF}.Release|x64.ActiveCfg = Release|x64
		{C52E70F9-41BF-4E75-9082-2392107483FF}.Release|x64.Build.0 = Release|x64
		{C52E70F9-41BF-4E75-9082-2392107483FF}.Release|x86.ActiveCfg = Release|Win32
		{C52E70F9-41BF-4E75-9082-2392107483FF}.Release|x86.Build.0 = Release|Win32
		{52BA9E13-D9CB-406B-9A37-00E8FD50BBAB}.Debug|x64.ActiveCfg = Debug|x64
		{52BA9E13-D9CB-406B-9A37-00E8FD50BBAB}.Debug|x64.Build.0 = Debug|x64
		{52BA9E13-D9CB-406B-9A37-00E8FD50BBAB}.Debug|x86.ActiveCfg = Debug|Win32
		{52BA9E13-D9CB-406B-9A37-00E8FD50BBAB}.Debug|x86.Build.0 = Debug|Win32
		{52BA9E13-D9CB-406B-9A37-00E8FD50BBAB}.Release|x64.ActiveCfg = Release|x64
		{52BA9E13-D9CB-406B-9A37-00E8FD50BBAB}.Release|x64.Build.0 = Release|x64
		{52BA9E13-D9CB-406B-9A37-00E8FD50BBAB}.Release|x86.ActiveCfg = Release|Win32
		{52BA9E13-D9CB-406B-9A37-00E8FD50BBAB}.Release|x86.Build.0 = Release|Win32
		{7E33BF65-2473-4BCC-863B-1B13D9CBD805}.Debug|x64.ActiveCfg = Debug|x64
		{7E33BF65-2473-4BCC-863B-1B13D9CBD805}.Debug|x64.Build.0 = Debug|x64
		{7E33BF65-2473-4BCC-863B-1B13D9CBD805}.Debug|x86.ActiveCfg = Debug|Win32
		{7E33BF65-2473-4BCC-863B-1B13D9CBD805}.Debug|x86.Build.0 = Debug|Win32
		{7E33BF65-2473-4BCC-863B-1B13D9CBD805}.Release|x64.ActiveCfg = Release|x64
		{7E33BF65-2473-4BCC-863B-1B13D9CBD805}.Release|x64.Build.0 = Release|x64
		{7E33BF65-2473-4BCC-863B-1B13D9CBD805}.Release|x86.ActiveCfg = Release|Win32
		{7E33BF65-2473-4BCC-863B-1B13D9CBD805}.Release|x86.Build.0 = Release|Win32
		{7F0B1BC7-9425-4389-92B0-405BB5AFCDE0}.Debug|x64.ActiveCfg = Debug|x64
		{7F0B1BC7-9425-4389-92B0-405BB5AFCDE0}.Debug|x64.Build.0 = Debug|x64
		{7F0B1BC7-9425-4389-92B0-405BB5AFCDE0}.Debug|x86.ActiveCfg = Debug|Win32
		{7F0B1BC7-9425-4389-92B0-405BB5AFCDE0}.Debug|x86.Build.0 = Debug|Win32
		{7F0B1BC7-9425-4389-92B0-405BB5AFCDE0}.Release|x64.ActiveCfg = Release|x64
		{7F0B1BC7-9425-4389-92B0-405BB5AFCDE0}.Release|x64.Build.0 = Release|x64
		{7F0B1BC7-9425-4389-92B0-405BB5AFCDE0}.Release|x86.ActiveCfg = Release|Win32
		{7F0B1BC7-9425-4389-92B0-405BB5AFCDE0}.Release|x86.Build.0 = Release|Win32
		{AD6651B6-9059-480C-8722-C44DD74851A4}.Debug|x64.ActiveCfg = Debug|x64
		{AD6651B6-9059-480C-8722-C44DD74851A4}.Debug|x64.Build.0 = Debug|x64
		{AD6651B6-9059-480C-8722-C44DD74851A4}.Debug|x86.ActiveCfg = Debug|Win32
		{AD6651B6-9059-480C-8722-C44DD74851A4}.Debug|x86.Build.0 = Debug|Win32
		{AD6651B6-9059-480C-8722-C44DD74851A4}.Release|x64.ActiveCfg = Release|x64
		{AD6651B6-9059-480C-8722-C44DD74851A4}.Release|x64.Build.0 = Release|x64
		{AD6651B6-9059-480C-8722-C44DD74851A4}.Release|x86.ActiveCfg = Release|Win32
		{AD6651B6-9059-480C-8722-C44DD74851A4}.Release|x86.Build.0 = Release|Win32
		{998399A7-5206-47D9-AB8E-C3409E750350}.Debug|x64.ActiveCfg = Debug|x64
		{998399A7-5206-47D9-AB8E-C3409E750350}.Debug|x64.Build.0 = Debug|x64
		{998399A7-5206-47D9-AB8E-C3409E750350}.Debug|x86.ActiveCfg = Debug|Win32
		{998399A7-5206-47D9-AB8E-C3409E750350}.Debug|x86.Build.0 = Debug|Win32
		{998399A7-5206-47D9-AB8E-C3409E750350}.Release|x64.ActiveCfg = Release|x64
		{998399A7-5206-47D9-AB8E-C3409E750350}.Release|x64.Build.0 = Release|x64
		{998399A7-5206-47D9-AB8E-C3409E750350}.Release|x86.ActiveCfg = Release|Win32
		{998399A7-5206-47D9-AB8E-C3409E750350}.Release|x86.Build.0 = Release|Win32
		{1ED7CA3D-4B35-4E05-ACCE-919A96CD9AC8}.Debug|x64.ActiveCfg = Debug|x64
		{1ED7CA3D-4B35-4E05-ACCE-919A96CD9AC8}.Debug|x64.Build.0 = Debug|x64
		{1ED7CA3D-4B35-4E05-ACCE-919A96CD9AC8}.Debug|x86.ActiveCfg = Debug|Win32
		{1ED7CA3D-4B35-4E05-ACCE-919A96CD9AC8}.Debug|x86.Build.0 = Debug|Win32
		{1ED7CA3D-4B35-4E05-ACCE-919A96CD9AC8}.Release|x64.ActiveCfg = Release|x64
		{1ED7CA3D-4B35-4E05-ACCE-919A96CD9AC8}.Release|x64.Build.0 = Release|x64
		{1ED7CA3D-4B35-4E05-ACCE-919A96CD9AC8}.Release|x86.ActiveCfg = Release|Win32
		{1ED7CA3D-4B35-4E05-ACCE-919A96CD9AC8}.Release|x86.Build.0 = Release|Win32
		{7BF3520D-27FB-489C-B7D9-62A3417C66D1}.Debug|x64.ActiveCfg = Debug|x64
		{7BF3520D-27FB-489C-B7D9-62A3417C66D1}.Debug|x64.Build.0 = Debug|x64
		{7BF3520D-27FB-489C-B7D9-62A3417C66D1}.Debug|x86.ActiveCfg = Debug|Win32
		{7BF3520D-27FB-489C-B7D9-62A3417C66D1}.Debug|x86.Build.0 = Debug|Win32
		{7BF3520D-27FB-489C-B7D9-62A3417C66D1}.Release|x64.ActiveCfg = Release|x64
		{7BF3520D-27FB-489C-B7D9-62A3417C66D1}.Release|x64.Build.0 = Release|x64
		{7BF3520D-27FB-489C-B7D9-62A3417C66D1}.Release|x86.ActiveCfg = Release|Win32
		{7BF3520D-27FB-489C-B7D9-62A3417C66D1}.Release|x86.Build.0 = Release|Win32
		{9B5ECBD5-E055-43B2-A89F-E52BC969F435}.Debug|x64.ActiveCfg = Debug|x64
		{9B5ECBD5-E055-43B2-A89F-E52BC969F435}.Debug|x64.Build.0 = Debug|x64
		{9B5ECBD5-E055-43B2-A89F-E52BC969F435}.Debug|x86.ActiveCfg = Debug|Win32
		{9B5ECBD5-E055-43B2-A89F-E52BC969F435}.Debug|x86.Build.0 = Debug|Win32
		{9B5ECBD5-E055-43B2-A89F-E52BC969F435}.Release|x64.ActiveCfg = Release|x64
		{9B5ECBD5-E055-43B2-A89F-E52BC969F435}.Release|x64.Build.0 = Release|x64
		{9B5ECBD5-E055-43B2-A89F-E52BC969F435}.Release|x86.ActiveCfg = Release|Win32
		{9B5ECBD5-E055-43B2-A89F-E52BC969F435}.Release|x86.Build.0 = Release|Win32
		{DFBE2D9D-A768-40CC-99B0-F1D57C986C72}.Debug|x64.ActiveCfg = Debug|x64
		{DFBE2D9D-A768-40CC-99B0-F1D57C986C72}.Debug|x64.Build.0 = Debug|x64
		{DFBE2D9D-A768-40CC-99B0-F1D57C986C72}.Debug|x86.ActiveCfg = Debug|Win32
		{DFBE2D9D-A768-40CC-99B0-F1D57C986C72}.Debug|x86.Build.0 = Debug|Win32
		{DFBE2D9D-A768-40CC-99B0-F1D57C986C72}.Release|x64.ActiveCfg = Release|x64
		{DFBE2D9D-A768-40CC-99B0-F1D57C986C72}.Release|x64.Build.0 = Release|x64
		{DFBE2D9D-A768-40CC-99B0-F1D57C986C72}.Release|x86.ActiveCfg = Release|Win32
		{DFBE2D9D-A768-40CC-99B0-F1D57C986C72}.Release|x86.Build.0 = Release|Win32
		{7AE395A4-63FF-40BC-96F6-13A88C5F3E79}.Debug|x64.ActiveCfg = Debug|x64
		{7AE395A4-63FF-40BC-96F6-13A88C5F3E79}.Debug|x64.Build.0 = Debug|x64
		{7AE395A4-63FF-40BC-96F6-13A88C5F3E79}.Debug|x86.ActiveCfg = Debug|Win32
		{7AE395A4-63FF-40BC-96F6-13A88C5F3E79}.Debug|x86.Build.0 = Debug|Win32
		{7AE395A4-63FF-40BC-96F6-13A88C5F3E79}.Release|x64.ActiveCfg = Release|x64
		{7AE395A4-63FF-40BC-96F6-13A88C5F3E79}.Release|x64.Build.0 = Release|x64
		{7AE395A4-63FF-40BC-96F6-13A88C5F3E79}.Release|x86.ActiveCfg = Release|Win32
		{7AE395A4-63FF-40BC-96F6-13A88C5F3E79}.Release|x86.Build.0 = Release|Win32
		{BDBAED28-A7C0-4E00-9F61-2168BCE0E7B2}.Debug|x64.ActiveCfg = Debug|x64
		{BDBAED28-A7C0-4E00-9F61-2168BCE0E7B2}.Debug|x64.Build.0 = Debug|x64
		{BDBAED28-A7C0-4E00-9F61-2168BCE0E7B2}.Debug|x86.ActiveCfg = Debug|Win32
		{BDBAED28-A7C0-4E00-9F61-2168BCE0E7B2}.Debug|x86.Build.0 = Debug|Win32
		{BDBAED28-A7C0-4E00-9F61-2168BCE0E7B2}.Release|x64.ActiveCfg = Release|x64
		{BDBAED28-A7C0-4E00-9F61-2168BCE0E7B2}.Release|x64.Build.0 = Release|x64
		{BDBAED28-A7C0-4E00-9F61-2168BCE0E7B2}.Release|x86.ActiveCfg = Release|Win32
		{BDBAED28-A7C0-4E00-9F61-2168BCE0E7B2}.Release|x86.Build.0 = Release|Win32
		{9DAE06A7-13CA-4921-8584-1D0B87D2378E}.Debug|x64.ActiveCfg = Debug|x64
		{9DAE06A7-13CA-4921-8584-1D0B87D2378E}.Debug|x64.Build.0 = Debug|x64
		{9DAE06A7-13CA-4921-8584-1D0B87D2378E}.Debug|x86.ActiveCfg = Debug|Win32
		{9DAE06A7-13CA-4921-8584-1D0B87D2378E}.Debug|x86.Build.0 = Debug|Win32
		{9DAE06A7-13CA-4921-8584-1D0B87D2378E}.Release|x64.ActiveCfg = Release|x64
		{9DAE06A7-13CA-4921-8584-1D0B87D2378E}.Release|x64.Build.0 = Release|x64
		{9DAE06A7-13CA-4921-8584-1D0B87D2378E}.Release|x86.ActiveCfg = Release|Win32
		{9DAE06A7-13CA-4921-8584-1D0B87D2378E}.Release|x86.Build.0 = Release|Win32
		{BB200181-B142-4863-9D31-80580052E59C}.Debug|x64.ActiveCfg = Debug|x64
		{BB200181-B142-4863-9D31-80580052E59C}.Debug|x64.Build.0 = Debug|x64
		{BB200181-B142-4863-9D31-80580052E59C}.Debug|x86.ActiveCfg = Debug|Win32
		{BB200181-B142-4863-9D31-80580052E59C}.Debug|x86.Build.0 = Debug|Win32
		{BB200181-B142-4863-9D31-80580052E59C}.Release|x64.ActiveCfg = Release|x64
		{BB200181-B142-4863-9D31-80580052E59C}.Release|x64.Build.0 = Release|x64
		{BB200181-B142-4863-9D31-80580052E59C}.Release|x86.ActiveCfg = Release|Win32
		{BB200181-B142-4863-9D31-80580052E59C}.Release|x86.Build.0 = Release|Win32
	EndGlobalSection
	GlobalSection(SolutionProperties) = preSolution
		HideSolutionNode = FALSE
	EndGlobalSection
	GlobalSection(ExtensibilityGlobals) = postSolution
		SolutionGuid = {97E115B7-8B28-4FC2-95C0-CE0B099D1509}
	EndGlobalSection
EndGlobal
